
Microsoft Visual Studio Solution File, Format Version 12.00
# Visual Studio Version 16
VisualStudioVersion = 16.0.30104.148
MinimumVisualStudioVersion = 10.0.40219.1
Project("{FAE04EC0-301F-11D3-BF4B-00C04F79EFBC}") = "AionLootCounter", "AionLootCounter\AionLootCounter.csproj", "{18817F0D-A604-4927-812F-017CA26DF5A5}"
EndProject
Global
	GlobalSection(SolutionConfigurationPlatforms) = preSolution
		Debug|Any CPU = Debug|Any CPU
		Release|Any CPU = Release|Any CPU
	EndGlobalSection
	GlobalSection(ProjectConfigurationPlatforms) = postSolution
		{18817F0D-A604-4927-812F-017CA26DF5A5}.Debug|Any CPU.ActiveCfg = Debug|Any CPU
		{18817F0D-A604-4927-812F-017CA26DF5A5}.Debug|Any CPU.Build.0 = Debug|Any CPU
		{18817F0D-A604-4927-812F-017CA26DF5A5}.Release|Any CPU.ActiveCfg = Release|Any CPU
		{18817F0D-A604-4927-812F-017CA26DF5A5}.Release|Any CPU.Build.0 = Release|Any CPU
	EndGlobalSection
	GlobalSection(SolutionProperties) = preSolution
		HideSolutionNode = FALSE
	EndGlobalSection
	GlobalSection(ExtensibilityGlobals) = postSolution
		SolutionGuid = {112F6420-DC5A-4148-9A4F-7DC4EF080116}
	EndGlobalSection
EndGlobal
